
Microsoft Visual Studio Solution File, Format Version 12.00
# Visual Studio Version 17
VisualStudioVersion = 17.0.31919.166
MinimumVisualStudioVersion = 10.0.40219.1
Project("{9A19103F-16F7-4668-BE54-9A1E7A4F7556}") = "Module3HW2", "Module3HW2\Module3HW2.csproj", "{AAC62183-7662-46D4-A386-7D7CD4A263BE}"
EndProject
Global
	GlobalSection(SolutionConfigurationPlatforms) = preSolution
		Debug|Any CPU = Debug|Any CPU
		Release|Any CPU = Release|Any CPU
	EndGlobalSection
	GlobalSection(ProjectConfigurationPlatforms) = postSolution
		{AAC62183-7662-46D4-A386-7D7CD4A263BE}.Debug|Any CPU.ActiveCfg = Debug|Any CPU
		{AAC62183-7662-46D4-A386-7D7CD4A263BE}.Debug|Any CPU.Build.0 = Debug|Any CPU
		{AAC62183-7662-46D4-A386-7D7CD4A263BE}.Release|Any CPU.ActiveCfg = Release|Any CPU
		{AAC62183-7662-46D4-A386-7D7CD4A263BE}.Release|Any CPU.Build.0 = Release|Any CPU
	EndGlobalSection
	GlobalSection(SolutionProperties) = preSolution
		HideSolutionNode = FALSE
	EndGlobalSection
	GlobalSection(ExtensibilityGlobals) = postSolution
		SolutionGuid = {69923C6F-338E-47A7-8A9D-A4270F79B6E8}
	EndGlobalSection
EndGlobal
